// !$*UTF8*$!
{
	archiveVersion = 1;
	classes = {
	};
	objectVersion = 50;
	objects = {

/* Begin PBXBuildFile section */
		A210720425E78A62006250FA /* AppDelegate.swift in Sources */ = {isa = PBXBuildFile; fileRef = A210720325E78A62006250FA /* AppDelegate.swift */; };
		A210720625E78A62006250FA /* SceneDelegate.swift in Sources */ = {isa = PBXBuildFile; fileRef = A210720525E78A62006250FA /* SceneDelegate.swift */; };
		A210720B25E78A62006250FA /* Main.storyboard in Resources */ = {isa = PBXBuildFile; fileRef = A210720925E78A62006250FA /* Main.storyboard */; };
		A210720E25E78A62006250FA /* Github_Users.xcdatamodeld in Sources */ = {isa = PBXBuildFile; fileRef = A210720C25E78A62006250FA /* Github_Users.xcdatamodeld */; };
		A210721025E78A65006250FA /* Assets.xcassets in Resources */ = {isa = PBXBuildFile; fileRef = A210720F25E78A65006250FA /* Assets.xcassets */; };
		A210721325E78A65006250FA /* LaunchScreen.storyboard in Resources */ = {isa = PBXBuildFile; fileRef = A210721125E78A65006250FA /* LaunchScreen.storyboard */; };
		A210721E25E78A65006250FA /* Github_UsersTests.swift in Sources */ = {isa = PBXBuildFile; fileRef = A210721D25E78A65006250FA /* Github_UsersTests.swift */; };
		A210722925E78A65006250FA /* Github_UsersUITests.swift in Sources */ = {isa = PBXBuildFile; fileRef = A210722825E78A65006250FA /* Github_UsersUITests.swift */; };
		A210724E25E793F3006250FA /* TWKViewController.swift in Sources */ = {isa = PBXBuildFile; fileRef = A210724D25E793F3006250FA /* TWKViewController.swift */; };
		A210725325E7940D006250FA /* TWKUsersViewController.swift in Sources */ = {isa = PBXBuildFile; fileRef = A210725225E7940D006250FA /* TWKUsersViewController.swift */; };
		A210725C25E7953A006250FA /* TWKDatabaseManager.swift in Sources */ = {isa = PBXBuildFile; fileRef = A210725B25E7953A006250FA /* TWKDatabaseManager.swift */; };
		A210726625E7A0F8006250FA /* TWKDisplayObject.swift in Sources */ = {isa = PBXBuildFile; fileRef = A210726525E7A0F8006250FA /* TWKDisplayObject.swift */; };
		A210726E25E7A122006250FA /* TWKUserDO.swift in Sources */ = {isa = PBXBuildFile; fileRef = A210726D25E7A122006250FA /* TWKUserDO.swift */; };
		A210727425E7A299006250FA /* TWKUserTableViewCell.swift in Sources */ = {isa = PBXBuildFile; fileRef = A210727225E7A299006250FA /* TWKUserTableViewCell.swift */; };
		A210727525E7A299006250FA /* TWKUserTableViewCell.xib in Resources */ = {isa = PBXBuildFile; fileRef = A210727325E7A299006250FA /* TWKUserTableViewCell.xib */; };
		A210727A25E7A422006250FA /* TWKConstants.swift in Sources */ = {isa = PBXBuildFile; fileRef = A210727925E7A422006250FA /* TWKConstants.swift */; };
		A210727F25E7A530006250FA /* TWKViewModel.swift in Sources */ = {isa = PBXBuildFile; fileRef = A210727E25E7A530006250FA /* TWKViewModel.swift */; };
		A210728425E7A568006250FA /* TWKUsersViewModel.swift in Sources */ = {isa = PBXBuildFile; fileRef = A210728325E7A568006250FA /* TWKUsersViewModel.swift */; };
		A210729025E810D1006250FA /* TWKUserDetailsViewController.swift in Sources */ = {isa = PBXBuildFile; fileRef = A210728F25E810D1006250FA /* TWKUserDetailsViewController.swift */; };
		A2536F6F25E9E34100E83849 /* UITapGestureRecognizer+Extension.swift in Sources */ = {isa = PBXBuildFile; fileRef = A2536F6E25E9E34100E83849 /* UITapGestureRecognizer+Extension.swift */; };
		A253700425EA249100E83849 /* TWKPopupManager.swift in Sources */ = {isa = PBXBuildFile; fileRef = A253700325EA249100E83849 /* TWKPopupManager.swift */; };
		A253703225EA758B00E83849 /* TWKNoteDO.swift in Sources */ = {isa = PBXBuildFile; fileRef = A253703125EA758B00E83849 /* TWKNoteDO.swift */; };
		A257D43C25EB41E8000C69D5 /* TWKUsersViewProtocol.swift in Sources */ = {isa = PBXBuildFile; fileRef = A257D43B25EB41E8000C69D5 /* TWKUsersViewProtocol.swift */; };
		A258252D25EABE54005D9813 /* User+CoreDataClass.swift in Sources */ = {isa = PBXBuildFile; fileRef = A258252925EABE54005D9813 /* User+CoreDataClass.swift */; };
		A258252E25EABE54005D9813 /* User+CoreDataProperties.swift in Sources */ = {isa = PBXBuildFile; fileRef = A258252A25EABE54005D9813 /* User+CoreDataProperties.swift */; };
		A258252F25EABE54005D9813 /* Note+CoreDataClass.swift in Sources */ = {isa = PBXBuildFile; fileRef = A258252B25EABE54005D9813 /* Note+CoreDataClass.swift */; };
		A258253025EABE54005D9813 /* Note+CoreDataProperties.swift in Sources */ = {isa = PBXBuildFile; fileRef = A258252C25EABE54005D9813 /* Note+CoreDataProperties.swift */; };
		A263417225E89556006EC26A /* TWKNetworkManager.swift in Sources */ = {isa = PBXBuildFile; fileRef = A263417125E89556006EC26A /* TWKNetworkManager.swift */; };
		A263417825E8975F006EC26A /* TWKGithubUserCodable.swift in Sources */ = {isa = PBXBuildFile; fileRef = A263417725E8975F006EC26A /* TWKGithubUserCodable.swift */; };
		A263419425E912DB006EC26A /* UIImageView+Extension.swift in Sources */ = {isa = PBXBuildFile; fileRef = A263419325E912DB006EC26A /* UIImageView+Extension.swift */; };
		A263419925E9160B006EC26A /* UIImage+Extension.swift in Sources */ = {isa = PBXBuildFile; fileRef = A263419825E9160B006EC26A /* UIImage+Extension.swift */; };
		A263419E25E94B15006EC26A /* TWKUserDetailsViewModel.swift in Sources */ = {isa = PBXBuildFile; fileRef = A263419D25E94B15006EC26A /* TWKUserDetailsViewModel.swift */; };
		A26341A325E95A81006EC26A /* TWKGithubUserProfileCodable.swift in Sources */ = {isa = PBXBuildFile; fileRef = A26341A225E95A81006EC26A /* TWKGithubUserProfileCodable.swift */; };
		A26341AB25E96229006EC26A /* TWKUserProfileDO.swift in Sources */ = {isa = PBXBuildFile; fileRef = A26341AA25E96229006EC26A /* TWKUserProfileDO.swift */; };
		A26341B625E98257006EC26A /* UIFont+Extension.swift in Sources */ = {isa = PBXBuildFile; fileRef = A26341B525E98257006EC26A /* UIFont+Extension.swift */; };
		A26341BC25E98660006EC26A /* TWKHiddenView.swift in Sources */ = {isa = PBXBuildFile; fileRef = A26341BB25E98660006EC26A /* TWKHiddenView.swift */; };
/* End PBXBuildFile section */

/* Begin PBXContainerItemProxy section */
		A210721A25E78A65006250FA /* PBXContainerItemProxy */ = {
			isa = PBXContainerItemProxy;
			containerPortal = A21071F825E78A62006250FA /* Project object */;
			proxyType = 1;
			remoteGlobalIDString = A21071FF25E78A62006250FA;
			remoteInfo = "Github-Users";
		};
		A210722525E78A65006250FA /* PBXContainerItemProxy */ = {
			isa = PBXContainerItemProxy;
			containerPortal = A21071F825E78A62006250FA /* Project object */;
			proxyType = 1;
			remoteGlobalIDString = A21071FF25E78A62006250FA;
			remoteInfo = "Github-Users";
		};
/* End PBXContainerItemProxy section */

/* Begin PBXFileReference section */
		A210720025E78A62006250FA /* Github-Users.app */ = {isa = PBXFileReference; explicitFileType = wrapper.application; includeInIndex = 0; path = "Github-Users.app"; sourceTree = BUILT_PRODUCTS_DIR; };
		A210720325E78A62006250FA /* AppDelegate.swift */ = {isa = PBXFileReference; lastKnownFileType = sourcecode.swift; path = AppDelegate.swift; sourceTree = "<group>"; };
		A210720525E78A62006250FA /* SceneDelegate.swift */ = {isa = PBXFileReference; lastKnownFileType = sourcecode.swift; path = SceneDelegate.swift; sourceTree = "<group>"; };
		A210720A25E78A62006250FA /* Base */ = {isa = PBXFileReference; lastKnownFileType = file.storyboard; name = Base; path = Base.lproj/Main.storyboard; sourceTree = "<group>"; };
		A210720D25E78A62006250FA /* Github_Users.xcdatamodel */ = {isa = PBXFileReference; lastKnownFileType = wrapper.xcdatamodel; path = Github_Users.xcdatamodel; sourceTree = "<group>"; };
		A210720F25E78A65006250FA /* Assets.xcassets */ = {isa = PBXFileReference; lastKnownFileType = folder.assetcatalog; path = Assets.xcassets; sourceTree = "<group>"; };
		A210721225E78A65006250FA /* Base */ = {isa = PBXFileReference; lastKnownFileType = file.storyboard; name = Base; path = Base.lproj/LaunchScreen.storyboard; sourceTree = "<group>"; };
		A210721425E78A65006250FA /* Info.plist */ = {isa = PBXFileReference; lastKnownFileType = text.plist.xml; path = Info.plist; sourceTree = "<group>"; };
		A210721925E78A65006250FA /* Github-UsersTests.xctest */ = {isa = PBXFileReference; explicitFileType = wrapper.cfbundle; includeInIndex = 0; path = "Github-UsersTests.xctest"; sourceTree = BUILT_PRODUCTS_DIR; };
		A210721D25E78A65006250FA /* Github_UsersTests.swift */ = {isa = PBXFileReference; lastKnownFileType = sourcecode.swift; path = Github_UsersTests.swift; sourceTree = "<group>"; };
		A210721F25E78A65006250FA /* Info.plist */ = {isa = PBXFileReference; lastKnownFileType = text.plist.xml; path = Info.plist; sourceTree = "<group>"; };
		A210722425E78A65006250FA /* Github-UsersUITests.xctest */ = {isa = PBXFileReference; explicitFileType = wrapper.cfbundle; includeInIndex = 0; path = "Github-UsersUITests.xctest"; sourceTree = BUILT_PRODUCTS_DIR; };
		A210722825E78A65006250FA /* Github_UsersUITests.swift */ = {isa = PBXFileReference; lastKnownFileType = sourcecode.swift; path = Github_UsersUITests.swift; sourceTree = "<group>"; };
		A210722A25E78A65006250FA /* Info.plist */ = {isa = PBXFileReference; lastKnownFileType = text.plist.xml; path = Info.plist; sourceTree = "<group>"; };
		A210724D25E793F3006250FA /* TWKViewController.swift */ = {isa = PBXFileReference; lastKnownFileType = sourcecode.swift; path = TWKViewController.swift; sourceTree = "<group>"; };
		A210725225E7940D006250FA /* TWKUsersViewController.swift */ = {isa = PBXFileReference; lastKnownFileType = sourcecode.swift; path = TWKUsersViewController.swift; sourceTree = "<group>"; };
		A210725B25E7953A006250FA /* TWKDatabaseManager.swift */ = {isa = PBXFileReference; lastKnownFileType = sourcecode.swift; path = TWKDatabaseManager.swift; sourceTree = "<group>"; };
		A210726525E7A0F8006250FA /* TWKDisplayObject.swift */ = {isa = PBXFileReference; lastKnownFileType = sourcecode.swift; path = TWKDisplayObject.swift; sourceTree = "<group>"; };
		A210726D25E7A122006250FA /* TWKUserDO.swift */ = {isa = PBXFileReference; lastKnownFileType = sourcecode.swift; path = TWKUserDO.swift; sourceTree = "<group>"; };
		A210727225E7A299006250FA /* TWKUserTableViewCell.swift */ = {isa = PBXFileReference; lastKnownFileType = sourcecode.swift; path = TWKUserTableViewCell.swift; sourceTree = "<group>"; };
		A210727325E7A299006250FA /* TWKUserTableViewCell.xib */ = {isa = PBXFileReference; lastKnownFileType = file.xib; path = TWKUserTableViewCell.xib; sourceTree = "<group>"; };
		A210727925E7A422006250FA /* TWKConstants.swift */ = {isa = PBXFileReference; lastKnownFileType = sourcecode.swift; path = TWKConstants.swift; sourceTree = "<group>"; };
		A210727E25E7A530006250FA /* TWKViewModel.swift */ = {isa = PBXFileReference; lastKnownFileType = sourcecode.swift; path = TWKViewModel.swift; sourceTree = "<group>"; };
		A210728325E7A568006250FA /* TWKUsersViewModel.swift */ = {isa = PBXFileReference; lastKnownFileType = sourcecode.swift; path = TWKUsersViewModel.swift; sourceTree = "<group>"; };
		A210728F25E810D1006250FA /* TWKUserDetailsViewController.swift */ = {isa = PBXFileReference; lastKnownFileType = sourcecode.swift; path = TWKUserDetailsViewController.swift; sourceTree = "<group>"; };
		A2536F6E25E9E34100E83849 /* UITapGestureRecognizer+Extension.swift */ = {isa = PBXFileReference; lastKnownFileType = sourcecode.swift; path = "UITapGestureRecognizer+Extension.swift"; sourceTree = "<group>"; };
		A253700325EA249100E83849 /* TWKPopupManager.swift */ = {isa = PBXFileReference; lastKnownFileType = sourcecode.swift; path = TWKPopupManager.swift; sourceTree = "<group>"; };
		A253703125EA758B00E83849 /* TWKNoteDO.swift */ = {isa = PBXFileReference; lastKnownFileType = sourcecode.swift; path = TWKNoteDO.swift; sourceTree = "<group>"; };
		A257D43B25EB41E8000C69D5 /* TWKUsersViewProtocol.swift */ = {isa = PBXFileReference; lastKnownFileType = sourcecode.swift; path = TWKUsersViewProtocol.swift; sourceTree = "<group>"; };
		A258252925EABE54005D9813 /* User+CoreDataClass.swift */ = {isa = PBXFileReference; lastKnownFileType = sourcecode.swift; path = "User+CoreDataClass.swift"; sourceTree = "<group>"; };
		A258252A25EABE54005D9813 /* User+CoreDataProperties.swift */ = {isa = PBXFileReference; lastKnownFileType = sourcecode.swift; path = "User+CoreDataProperties.swift"; sourceTree = "<group>"; };
		A258252B25EABE54005D9813 /* Note+CoreDataClass.swift */ = {isa = PBXFileReference; lastKnownFileType = sourcecode.swift; path = "Note+CoreDataClass.swift"; sourceTree = "<group>"; };
		A258252C25EABE54005D9813 /* Note+CoreDataProperties.swift */ = {isa = PBXFileReference; lastKnownFileType = sourcecode.swift; path = "Note+CoreDataProperties.swift"; sourceTree = "<group>"; };
		A263417125E89556006EC26A /* TWKNetworkManager.swift */ = {isa = PBXFileReference; lastKnownFileType = sourcecode.swift; path = TWKNetworkManager.swift; sourceTree = "<group>"; };
		A263417725E8975F006EC26A /* TWKGithubUserCodable.swift */ = {isa = PBXFileReference; lastKnownFileType = sourcecode.swift; path = TWKGithubUserCodable.swift; sourceTree = "<group>"; };
		A263419325E912DB006EC26A /* UIImageView+Extension.swift */ = {isa = PBXFileReference; lastKnownFileType = sourcecode.swift; path = "UIImageView+Extension.swift"; sourceTree = "<group>"; };
		A263419825E9160B006EC26A /* UIImage+Extension.swift */ = {isa = PBXFileReference; lastKnownFileType = sourcecode.swift; path = "UIImage+Extension.swift"; sourceTree = "<group>"; };
		A263419D25E94B15006EC26A /* TWKUserDetailsViewModel.swift */ = {isa = PBXFileReference; lastKnownFileType = sourcecode.swift; path = TWKUserDetailsViewModel.swift; sourceTree = "<group>"; };
		A26341A225E95A81006EC26A /* TWKGithubUserProfileCodable.swift */ = {isa = PBXFileReference; lastKnownFileType = sourcecode.swift; path = TWKGithubUserProfileCodable.swift; sourceTree = "<group>"; };
		A26341AA25E96229006EC26A /* TWKUserProfileDO.swift */ = {isa = PBXFileReference; lastKnownFileType = sourcecode.swift; path = TWKUserProfileDO.swift; sourceTree = "<group>"; };
		A26341B525E98257006EC26A /* UIFont+Extension.swift */ = {isa = PBXFileReference; lastKnownFileType = sourcecode.swift; path = "UIFont+Extension.swift"; sourceTree = "<group>"; };
		A26341BB25E98660006EC26A /* TWKHiddenView.swift */ = {isa = PBXFileReference; lastKnownFileType = sourcecode.swift; path = TWKHiddenView.swift; sourceTree = "<group>"; };
/* End PBXFileReference section */

/* Begin PBXFrameworksBuildPhase section */
		A21071FD25E78A62006250FA /* Frameworks */ = {
			isa = PBXFrameworksBuildPhase;
			buildActionMask = 2147483647;
			files = (
			);
			runOnlyForDeploymentPostprocessing = 0;
		};
		A210721625E78A65006250FA /* Frameworks */ = {
			isa = PBXFrameworksBuildPhase;
			buildActionMask = 2147483647;
			files = (
			);
			runOnlyForDeploymentPostprocessing = 0;
		};
		A210722125E78A65006250FA /* Frameworks */ = {
			isa = PBXFrameworksBuildPhase;
			buildActionMask = 2147483647;
			files = (
			);
			runOnlyForDeploymentPostprocessing = 0;
		};
/* End PBXFrameworksBuildPhase section */

/* Begin PBXGroup section */
		A21071F725E78A62006250FA = {
			isa = PBXGroup;
			children = (
				A210720225E78A62006250FA /* Github-Users */,
				A210721C25E78A65006250FA /* Github-UsersTests */,
				A210722725E78A65006250FA /* Github-UsersUITests */,
				A210720125E78A62006250FA /* Products */,
			);
			indentWidth = 4;
			sourceTree = "<group>";
			tabWidth = 4;
		};
		A210720125E78A62006250FA /* Products */ = {
			isa = PBXGroup;
			children = (
				A210720025E78A62006250FA /* Github-Users.app */,
				A210721925E78A65006250FA /* Github-UsersTests.xctest */,
				A210722425E78A65006250FA /* Github-UsersUITests.xctest */,
			);
			name = Products;
			sourceTree = "<group>";
		};
		A210720225E78A62006250FA /* Github-Users */ = {
			isa = PBXGroup;
			children = (
				A210725A25E7951A006250FA /* Managers */,
				A210724625E791D6006250FA /* View */,
				A210724525E78EAE006250FA /* Extensions */,
				A210724425E78EA8006250FA /* Constants */,
				A210724325E78EA1006250FA /* ViewModel */,
				A210724225E78E9A006250FA /* Protocols */,
				A210720325E78A62006250FA /* AppDelegate.swift */,
				A210720525E78A62006250FA /* SceneDelegate.swift */,
				A210720925E78A62006250FA /* Main.storyboard */,
				A210720F25E78A65006250FA /* Assets.xcassets */,
				A210721125E78A65006250FA /* LaunchScreen.storyboard */,
				A210721425E78A65006250FA /* Info.plist */,
				A210720C25E78A62006250FA /* Github_Users.xcdatamodeld */,
			);
			path = "Github-Users";
			sourceTree = "<group>";
		};
		A210721C25E78A65006250FA /* Github-UsersTests */ = {
			isa = PBXGroup;
			children = (
				A210721D25E78A65006250FA /* Github_UsersTests.swift */,
				A210721F25E78A65006250FA /* Info.plist */,
			);
			path = "Github-UsersTests";
			sourceTree = "<group>";
		};
		A210722725E78A65006250FA /* Github-UsersUITests */ = {
			isa = PBXGroup;
			children = (
				A210722825E78A65006250FA /* Github_UsersUITests.swift */,
				A210722A25E78A65006250FA /* Info.plist */,
			);
			path = "Github-UsersUITests";
			sourceTree = "<group>";
		};
		A210724225E78E9A006250FA /* Protocols */ = {
			isa = PBXGroup;
			children = (
				A257D43B25EB41E8000C69D5 /* TWKUsersViewProtocol.swift */,
			);
			path = Protocols;
			sourceTree = "<group>";
		};
		A210724325E78EA1006250FA /* ViewModel */ = {
			isa = PBXGroup;
			children = (
				A2536FF825EA1C9400E83849 /* CoreData */,
				A263417625E896D4006EC26A /* Codable */,
				A210727E25E7A530006250FA /* TWKViewModel.swift */,
				A210728325E7A568006250FA /* TWKUsersViewModel.swift */,
				A263419D25E94B15006EC26A /* TWKUserDetailsViewModel.swift */,
			);
			path = ViewModel;
			sourceTree = "<group>";
		};
		A210724425E78EA8006250FA /* Constants */ = {
			isa = PBXGroup;
			children = (
				A210727925E7A422006250FA /* TWKConstants.swift */,
			);
			path = Constants;
			sourceTree = "<group>";
		};
		A210724525E78EAE006250FA /* Extensions */ = {
			isa = PBXGroup;
			children = (
				A263419325E912DB006EC26A /* UIImageView+Extension.swift */,
				A263419825E9160B006EC26A /* UIImage+Extension.swift */,
				A26341B525E98257006EC26A /* UIFont+Extension.swift */,
				A2536F6E25E9E34100E83849 /* UITapGestureRecognizer+Extension.swift */,
			);
			path = Extensions;
			sourceTree = "<group>";
		};
		A210724625E791D6006250FA /* View */ = {
			isa = PBXGroup;
			children = (
				A26341BA25E98644006EC26A /* CustomView */,
				A210726425E7A0BE006250FA /* Model */,
				A210726325E7A01D006250FA /* TableViewCell */,
				A210724D25E793F3006250FA /* TWKViewController.swift */,
				A210725225E7940D006250FA /* TWKUsersViewController.swift */,
				A210728F25E810D1006250FA /* TWKUserDetailsViewController.swift */,
			);
			path = View;
			sourceTree = "<group>";
		};
		A210725A25E7951A006250FA /* Managers */ = {
			isa = PBXGroup;
			children = (
				A210725B25E7953A006250FA /* TWKDatabaseManager.swift */,
				A263417125E89556006EC26A /* TWKNetworkManager.swift */,
				A253700325EA249100E83849 /* TWKPopupManager.swift */,
			);
			path = Managers;
			sourceTree = "<group>";
		};
		A210726325E7A01D006250FA /* TableViewCell */ = {
			isa = PBXGroup;
			children = (
				A210727225E7A299006250FA /* TWKUserTableViewCell.swift */,
				A210727325E7A299006250FA /* TWKUserTableViewCell.xib */,
			);
			path = TableViewCell;
			sourceTree = "<group>";
		};
		A210726425E7A0BE006250FA /* Model */ = {
			isa = PBXGroup;
			children = (
				A210726525E7A0F8006250FA /* TWKDisplayObject.swift */,
				A210726D25E7A122006250FA /* TWKUserDO.swift */,
				A26341AA25E96229006EC26A /* TWKUserProfileDO.swift */,
				A253703125EA758B00E83849 /* TWKNoteDO.swift */,
			);
			path = Model;
			sourceTree = "<group>";
		};
		A2536FF825EA1C9400E83849 /* CoreData */ = {
			isa = PBXGroup;
			children = (
				A258252925EABE54005D9813 /* User+CoreDataClass.swift */,
				A258252A25EABE54005D9813 /* User+CoreDataProperties.swift */,
				A258252B25EABE54005D9813 /* Note+CoreDataClass.swift */,
				A258252C25EABE54005D9813 /* Note+CoreDataProperties.swift */,
			);
			path = CoreData;
			sourceTree = "<group>";
		};
		A263417625E896D4006EC26A /* Codable */ = {
			isa = PBXGroup;
			children = (
				A263417725E8975F006EC26A /* TWKGithubUserCodable.swift */,
				A26341A225E95A81006EC26A /* TWKGithubUserProfileCodable.swift */,
			);
			path = Codable;
			sourceTree = "<group>";
		};
		A26341BA25E98644006EC26A /* CustomView */ = {
			isa = PBXGroup;
			children = (
				A26341BB25E98660006EC26A /* TWKHiddenView.swift */,
			);
			path = CustomView;
			sourceTree = "<group>";
		};
/* End PBXGroup section */

/* Begin PBXNativeTarget section */
		A21071FF25E78A62006250FA /* Github-Users */ = {
			isa = PBXNativeTarget;
			buildConfigurationList = A210722D25E78A65006250FA /* Build configuration list for PBXNativeTarget "Github-Users" */;
			buildPhases = (
				A21071FC25E78A62006250FA /* Sources */,
				A21071FD25E78A62006250FA /* Frameworks */,
				A21071FE25E78A62006250FA /* Resources */,
			);
			buildRules = (
			);
			dependencies = (
			);
			name = "Github-Users";
			productName = "Github-Users";
			productReference = A210720025E78A62006250FA /* Github-Users.app */;
			productType = "com.apple.product-type.application";
		};
		A210721825E78A65006250FA /* Github-UsersTests */ = {
			isa = PBXNativeTarget;
			buildConfigurationList = A210723025E78A65006250FA /* Build configuration list for PBXNativeTarget "Github-UsersTests" */;
			buildPhases = (
				A210721525E78A65006250FA /* Sources */,
				A210721625E78A65006250FA /* Frameworks */,
				A210721725E78A65006250FA /* Resources */,
			);
			buildRules = (
			);
			dependencies = (
				A210721B25E78A65006250FA /* PBXTargetDependency */,
			);
			name = "Github-UsersTests";
			productName = "Github-UsersTests";
			productReference = A210721925E78A65006250FA /* Github-UsersTests.xctest */;
			productType = "com.apple.product-type.bundle.unit-test";
		};
		A210722325E78A65006250FA /* Github-UsersUITests */ = {
			isa = PBXNativeTarget;
			buildConfigurationList = A210723325E78A65006250FA /* Build configuration list for PBXNativeTarget "Github-UsersUITests" */;
			buildPhases = (
				A210722025E78A65006250FA /* Sources */,
				A210722125E78A65006250FA /* Frameworks */,
				A210722225E78A65006250FA /* Resources */,
			);
			buildRules = (
			);
			dependencies = (
				A210722625E78A65006250FA /* PBXTargetDependency */,
			);
			name = "Github-UsersUITests";
			productName = "Github-UsersUITests";
			productReference = A210722425E78A65006250FA /* Github-UsersUITests.xctest */;
			productType = "com.apple.product-type.bundle.ui-testing";
		};
/* End PBXNativeTarget section */

/* Begin PBXProject section */
		A21071F825E78A62006250FA /* Project object */ = {
			isa = PBXProject;
			attributes = {
				CLASSPREFIX = TWK;
				LastSwiftUpdateCheck = 1230;
				LastUpgradeCheck = 1230;
				ORGANIZATIONNAME = Tawk.to;
				TargetAttributes = {
					A21071FF25E78A62006250FA = {
						CreatedOnToolsVersion = 12.3;
					};
					A210721825E78A65006250FA = {
						CreatedOnToolsVersion = 12.3;
						TestTargetID = A21071FF25E78A62006250FA;
					};
					A210722325E78A65006250FA = {
						CreatedOnToolsVersion = 12.3;
						TestTargetID = A21071FF25E78A62006250FA;
					};
				};
			};
			buildConfigurationList = A21071FB25E78A62006250FA /* Build configuration list for PBXProject "Github-Users" */;
			compatibilityVersion = "Xcode 9.3";
			developmentRegion = en;
			hasScannedForEncodings = 0;
			knownRegions = (
				en,
				Base,
			);
			mainGroup = A21071F725E78A62006250FA;
			productRefGroup = A210720125E78A62006250FA /* Products */;
			projectDirPath = "";
			projectRoot = "";
			targets = (
				A21071FF25E78A62006250FA /* Github-Users */,
				A210721825E78A65006250FA /* Github-UsersTests */,
				A210722325E78A65006250FA /* Github-UsersUITests */,
			);
		};
/* End PBXProject section */

/* Begin PBXResourcesBuildPhase section */
		A21071FE25E78A62006250FA /* Resources */ = {
			isa = PBXResourcesBuildPhase;
			buildActionMask = 2147483647;
			files = (
				A210721325E78A65006250FA /* LaunchScreen.storyboard in Resources */,
				A210727525E7A299006250FA /* TWKUserTableViewCell.xib in Resources */,
				A210721025E78A65006250FA /* Assets.xcassets in Resources */,
				A210720B25E78A62006250FA /* Main.storyboard in Resources */,
			);
			runOnlyForDeploymentPostprocessing = 0;
		};
		A210721725E78A65006250FA /* Resources */ = {
			isa = PBXResourcesBuildPhase;
			buildActionMask = 2147483647;
			files = (
			);
			runOnlyForDeploymentPostprocessing = 0;
		};
		A210722225E78A65006250FA /* Resources */ = {
			isa = PBXResourcesBuildPhase;
			buildActionMask = 2147483647;
			files = (
			);
			runOnlyForDeploymentPostprocessing = 0;
		};
/* End PBXResourcesBuildPhase section */

/* Begin PBXSourcesBuildPhase section */
		A21071FC25E78A62006250FA /* Sources */ = {
			isa = PBXSourcesBuildPhase;
			buildActionMask = 2147483647;
			files = (
				A26341B625E98257006EC26A /* UIFont+Extension.swift in Sources */,
				A258252F25EABE54005D9813 /* Note+CoreDataClass.swift in Sources */,
				A210720E25E78A62006250FA /* Github_Users.xcdatamodeld in Sources */,
				A263419E25E94B15006EC26A /* TWKUserDetailsViewModel.swift in Sources */,
				A257D43C25EB41E8000C69D5 /* TWKUsersViewProtocol.swift in Sources */,
				A258253025EABE54005D9813 /* Note+CoreDataProperties.swift in Sources */,
				A210727425E7A299006250FA /* TWKUserTableViewCell.swift in Sources */,
				A210728425E7A568006250FA /* TWKUsersViewModel.swift in Sources */,
				A210729025E810D1006250FA /* TWKUserDetailsViewController.swift in Sources */,
				A210727A25E7A422006250FA /* TWKConstants.swift in Sources */,
				A210725C25E7953A006250FA /* TWKDatabaseManager.swift in Sources */,
				A210727F25E7A530006250FA /* TWKViewModel.swift in Sources */,
				A263417225E89556006EC26A /* TWKNetworkManager.swift in Sources */,
				A210726E25E7A122006250FA /* TWKUserDO.swift in Sources */,
				A210720425E78A62006250FA /* AppDelegate.swift in Sources */,
				A263419425E912DB006EC26A /* UIImageView+Extension.swift in Sources */,
				A26341AB25E96229006EC26A /* TWKUserProfileDO.swift in Sources */,
				A263417825E8975F006EC26A /* TWKGithubUserCodable.swift in Sources */,
				A26341BC25E98660006EC26A /* TWKHiddenView.swift in Sources */,
				A258252D25EABE54005D9813 /* User+CoreDataClass.swift in Sources */,
				A258252E25EABE54005D9813 /* User+CoreDataProperties.swift in Sources */,
				A2536F6F25E9E34100E83849 /* UITapGestureRecognizer+Extension.swift in Sources */,
				A26341A325E95A81006EC26A /* TWKGithubUserProfileCodable.swift in Sources */,
				A263419925E9160B006EC26A /* UIImage+Extension.swift in Sources */,
				A253703225EA758B00E83849 /* TWKNoteDO.swift in Sources */,
				A253700425EA249100E83849 /* TWKPopupManager.swift in Sources */,
				A210725325E7940D006250FA /* TWKUsersViewController.swift in Sources */,
				A210720625E78A62006250FA /* SceneDelegate.swift in Sources */,
				A210726625E7A0F8006250FA /* TWKDisplayObject.swift in Sources */,
				A210724E25E793F3006250FA /* TWKViewController.swift in Sources */,
			);
			runOnlyForDeploymentPostprocessing = 0;
		};
		A210721525E78A65006250FA /* Sources */ = {
			isa = PBXSourcesBuildPhase;
			buildActionMask = 2147483647;
			files = (
				A210721E25E78A65006250FA /* Github_UsersTests.swift in Sources */,
			);
			runOnlyForDeploymentPostprocessing = 0;
		};
		A210722025E78A65006250FA /* Sources */ = {
			isa = PBXSourcesBuildPhase;
			buildActionMask = 2147483647;
			files = (
				A210722925E78A65006250FA /* Github_UsersUITests.swift in Sources */,
			);
			runOnlyForDeploymentPostprocessing = 0;
		};
/* End PBXSourcesBuildPhase section */

/* Begin PBXTargetDependency section */
		A210721B25E78A65006250FA /* PBXTargetDependency */ = {
			isa = PBXTargetDependency;
			target = A21071FF25E78A62006250FA /* Github-Users */;
			targetProxy = A210721A25E78A65006250FA /* PBXContainerItemProxy */;
		};
		A210722625E78A65006250FA /* PBXTargetDependency */ = {
			isa = PBXTargetDependency;
			target = A21071FF25E78A62006250FA /* Github-Users */;
			targetProxy = A210722525E78A65006250FA /* PBXContainerItemProxy */;
		};
/* End PBXTargetDependency section */

/* Begin PBXVariantGroup section */
		A210720925E78A62006250FA /* Main.storyboard */ = {
			isa = PBXVariantGroup;
			children = (
				A210720A25E78A62006250FA /* Base */,
			);
			name = Main.storyboard;
			sourceTree = "<group>";
		};
		A210721125E78A65006250FA /* LaunchScreen.storyboard */ = {
			isa = PBXVariantGroup;
			children = (
				A210721225E78A65006250FA /* Base */,
			);
			name = LaunchScreen.storyboard;
			sourceTree = "<group>";
		};
/* End PBXVariantGroup section */

/* Begin XCBuildConfiguration section */
		A210722B25E78A65006250FA /* Debug */ = {
			isa = XCBuildConfiguration;
			buildSettings = {
				ALWAYS_SEARCH_USER_PATHS = NO;
				CLANG_ANALYZER_NONNULL = YES;
				CLANG_ANALYZER_NUMBER_OBJECT_CONVERSION = YES_AGGRESSIVE;
				CLANG_CXX_LANGUAGE_STANDARD = "gnu++14";
				CLANG_CXX_LIBRARY = "libc++";
				CLANG_ENABLE_MODULES = YES;
				CLANG_ENABLE_OBJC_ARC = YES;
				CLANG_ENABLE_OBJC_WEAK = YES;
				CLANG_WARN_BLOCK_CAPTURE_AUTORELEASING = YES;
				CLANG_WARN_BOOL_CONVERSION = YES;
				CLANG_WARN_COMMA = YES;
				CLANG_WARN_CONSTANT_CONVERSION = YES;
				CLANG_WARN_DEPRECATED_OBJC_IMPLEMENTATIONS = YES;
				CLANG_WARN_DIRECT_OBJC_ISA_USAGE = YES_ERROR;
				CLANG_WARN_DOCUMENTATION_COMMENTS = YES;
				CLANG_WARN_EMPTY_BODY = YES;
				CLANG_WARN_ENUM_CONVERSION = YES;
				CLANG_WARN_INFINITE_RECURSION = YES;
				CLANG_WARN_INT_CONVERSION = YES;
				CLANG_WARN_NON_LITERAL_NULL_CONVERSION = YES;
				CLANG_WARN_OBJC_IMPLICIT_RETAIN_SELF = YES;
				CLANG_WARN_OBJC_LITERAL_CONVERSION = YES;
				CLANG_WARN_OBJC_ROOT_CLASS = YES_ERROR;
				CLANG_WARN_QUOTED_INCLUDE_IN_FRAMEWORK_HEADER = YES;
				CLANG_WARN_RANGE_LOOP_ANALYSIS = YES;
				CLANG_WARN_STRICT_PROTOTYPES = YES;
				CLANG_WARN_SUSPICIOUS_MOVE = YES;
				CLANG_WARN_UNGUARDED_AVAILABILITY = YES_AGGRESSIVE;
				CLANG_WARN_UNREACHABLE_CODE = YES;
				CLANG_WARN__DUPLICATE_METHOD_MATCH = YES;
				COPY_PHASE_STRIP = NO;
				DEBUG_INFORMATION_FORMAT = dwarf;
				ENABLE_STRICT_OBJC_MSGSEND = YES;
				ENABLE_TESTABILITY = YES;
				GCC_C_LANGUAGE_STANDARD = gnu11;
				GCC_DYNAMIC_NO_PIC = NO;
				GCC_NO_COMMON_BLOCKS = YES;
				GCC_OPTIMIZATION_LEVEL = 0;
				GCC_PREPROCESSOR_DEFINITIONS = (
					"DEBUG=1",
					"$(inherited)",
				);
				GCC_WARN_64_TO_32_BIT_CONVERSION = YES;
				GCC_WARN_ABOUT_RETURN_TYPE = YES_ERROR;
				GCC_WARN_UNDECLARED_SELECTOR = YES;
				GCC_WARN_UNINITIALIZED_AUTOS = YES_AGGRESSIVE;
				GCC_WARN_UNUSED_FUNCTION = YES;
				GCC_WARN_UNUSED_VARIABLE = YES;
				IPHONEOS_DEPLOYMENT_TARGET = 14.3;
				MTL_ENABLE_DEBUG_INFO = INCLUDE_SOURCE;
				MTL_FAST_MATH = YES;
				ONLY_ACTIVE_ARCH = YES;
				SDKROOT = iphoneos;
				SWIFT_ACTIVE_COMPILATION_CONDITIONS = DEBUG;
				SWIFT_OPTIMIZATION_LEVEL = "-Onone";
				SWIFT_VERSION = 5.0;
			};
			name = Debug;
		};
		A210722C25E78A65006250FA /* Release */ = {
			isa = XCBuildConfiguration;
			buildSettings = {
				ALWAYS_SEARCH_USER_PATHS = NO;
				CLANG_ANALYZER_NONNULL = YES;
				CLANG_ANALYZER_NUMBER_OBJECT_CONVERSION = YES_AGGRESSIVE;
				CLANG_CXX_LANGUAGE_STANDARD = "gnu++14";
				CLANG_CXX_LIBRARY = "libc++";
				CLANG_ENABLE_MODULES = YES;
				CLANG_ENABLE_OBJC_ARC = YES;
				CLANG_ENABLE_OBJC_WEAK = YES;
				CLANG_WARN_BLOCK_CAPTURE_AUTORELEASING = YES;
				CLANG_WARN_BOOL_CONVERSION = YES;
				CLANG_WARN_COMMA = YES;
				CLANG_WARN_CONSTANT_CONVERSION = YES;
				CLANG_WARN_DEPRECATED_OBJC_IMPLEMENTATIONS = YES;
				CLANG_WARN_DIRECT_OBJC_ISA_USAGE = YES_ERROR;
				CLANG_WARN_DOCUMENTATION_COMMENTS = YES;
				CLANG_WARN_EMPTY_BODY = YES;
				CLANG_WARN_ENUM_CONVERSION = YES;
				CLANG_WARN_INFINITE_RECURSION = YES;
				CLANG_WARN_INT_CONVERSION = YES;
				CLANG_WARN_NON_LITERAL_NULL_CONVERSION = YES;
				CLANG_WARN_OBJC_IMPLICIT_RETAIN_SELF = YES;
				CLANG_WARN_OBJC_LITERAL_CONVERSION = YES;
				CLANG_WARN_OBJC_ROOT_CLASS = YES_ERROR;
				CLANG_WARN_QUOTED_INCLUDE_IN_FRAMEWORK_HEADER = YES;
				CLANG_WARN_RANGE_LOOP_ANALYSIS = YES;
				CLANG_WARN_STRICT_PROTOTYPES = YES;
				CLANG_WARN_SUSPICIOUS_MOVE = YES;
				CLANG_WARN_UNGUARDED_AVAILABILITY = YES_AGGRESSIVE;
				CLANG_WARN_UNREACHABLE_CODE = YES;
				CLANG_WARN__DUPLICATE_METHOD_MATCH = YES;
				COPY_PHASE_STRIP = NO;
				DEBUG_INFORMATION_FORMAT = "dwarf-with-dsym";
				ENABLE_NS_ASSERTIONS = NO;
				ENABLE_STRICT_OBJC_MSGSEND = YES;
				GCC_C_LANGUAGE_STANDARD = gnu11;
				GCC_NO_COMMON_BLOCKS = YES;
				GCC_WARN_64_TO_32_BIT_CONVERSION = YES;
				GCC_WARN_ABOUT_RETURN_TYPE = YES_ERROR;
				GCC_WARN_UNDECLARED_SELECTOR = YES;
				GCC_WARN_UNINITIALIZED_AUTOS = YES_AGGRESSIVE;
				GCC_WARN_UNUSED_FUNCTION = YES;
				GCC_WARN_UNUSED_VARIABLE = YES;
				IPHONEOS_DEPLOYMENT_TARGET = 14.3;
				MTL_ENABLE_DEBUG_INFO = NO;
				MTL_FAST_MATH = YES;
				SDKROOT = iphoneos;
				SWIFT_COMPILATION_MODE = wholemodule;
				SWIFT_OPTIMIZATION_LEVEL = "-O";
				SWIFT_VERSION = 5.0;
				VALIDATE_PRODUCT = YES;
			};
			name = Release;
		};
		A210722E25E78A65006250FA /* Debug */ = {
			isa = XCBuildConfiguration;
			buildSettings = {
				ASSETCATALOG_COMPILER_APPICON_NAME = AppIcon;
				ASSETCATALOG_COMPILER_GLOBAL_ACCENT_COLOR_NAME = AccentColor;
				CODE_SIGN_STYLE = Automatic;
				INFOPLIST_FILE = "Github-Users/Info.plist";
				LD_RUNPATH_SEARCH_PATHS = (
					"$(inherited)",
					"@executable_path/Frameworks",
				);
				PRODUCT_BUNDLE_IDENTIFIER = "com.tawk.Github-Users";
				PRODUCT_NAME = "$(TARGET_NAME)";
				SWIFT_VERSION = 5.0;
				TARGETED_DEVICE_FAMILY = 1;
			};
			name = Debug;
		};
		A210722F25E78A65006250FA /* Release */ = {
			isa = XCBuildConfiguration;
			buildSettings = {
				ASSETCATALOG_COMPILER_APPICON_NAME = AppIcon;
				ASSETCATALOG_COMPILER_GLOBAL_ACCENT_COLOR_NAME = AccentColor;
				CODE_SIGN_STYLE = Automatic;
				INFOPLIST_FILE = "Github-Users/Info.plist";
				LD_RUNPATH_SEARCH_PATHS = (
					"$(inherited)",
					"@executable_path/Frameworks",
				);
				PRODUCT_BUNDLE_IDENTIFIER = "com.tawk.Github-Users";
				PRODUCT_NAME = "$(TARGET_NAME)";
				SWIFT_VERSION = 5.0;
				TARGETED_DEVICE_FAMILY = 1;
			};
			name = Release;
		};
		A210723125E78A65006250FA /* Debug */ = {
			isa = XCBuildConfiguration;
			buildSettings = {
				ALWAYS_EMBED_SWIFT_STANDARD_LIBRARIES = YES;
				BUNDLE_LOADER = "$(TEST_HOST)";
				CODE_SIGN_STYLE = Automatic;
				INFOPLIST_FILE = "Github-UsersTests/Info.plist";
				IPHONEOS_DEPLOYMENT_TARGET = 14.3;
				LD_RUNPATH_SEARCH_PATHS = (
					"$(inherited)",
					"@executable_path/Frameworks",
					"@loader_path/Frameworks",
				);
				PRODUCT_BUNDLE_IDENTIFIER = "com.tawk.Github-UsersTests";
				PRODUCT_NAME = "$(TARGET_NAME)";
				SWIFT_VERSION = 5.0;
				TARGETED_DEVICE_FAMILY = "1,2";
				TEST_HOST = "$(BUILT_PRODUCTS_DIR)/Github-Users.app/Github-Users";
			};
			name = Debug;
		};
		A210723225E78A65006250FA /* Release */ = {
			isa = XCBuildConfiguration;
			buildSettings = {
				ALWAYS_EMBED_SWIFT_STANDARD_LIBRARIES = YES;
				BUNDLE_LOADER = "$(TEST_HOST)";
				CODE_SIGN_STYLE = Automatic;
				INFOPLIST_FILE = "Github-UsersTests/Info.plist";
				IPHONEOS_DEPLOYMENT_TARGET = 14.3;
				LD_RUNPATH_SEARCH_PATHS = (
					"$(inherited)",
					"@executable_path/Frameworks",
					"@loader_path/Frameworks",
				);
				PRODUCT_BUNDLE_IDENTIFIER = "com.tawk.Github-UsersTests";
				PRODUCT_NAME = "$(TARGET_NAME)";
				SWIFT_VERSION = 5.0;
				TARGETED_DEVICE_FAMILY = "1,2";
				TEST_HOST = "$(BUILT_PRODUCTS_DIR)/Github-Users.app/Github-Users";
			};
			name = Release;
		};
		A210723425E78A65006250FA /* Debug */ = {
			isa = XCBuildConfiguration;
			buildSettings = {
				ALWAYS_EMBED_SWIFT_STANDARD_LIBRARIES = YES;
				CODE_SIGN_STYLE = Automatic;
				INFOPLIST_FILE = "Github-UsersUITests/Info.plist";
				LD_RUNPATH_SEARCH_PATHS = (
					"$(inherited)",
					"@executable_path/Frameworks",
					"@loader_path/Frameworks",
				);
				PRODUCT_BUNDLE_IDENTIFIER = "com.tawk.Github-UsersUITests";
				PRODUCT_NAME = "$(TARGET_NAME)";
				SWIFT_VERSION = 5.0;
				TARGETED_DEVICE_FAMILY = "1,2";
				TEST_TARGET_NAME = "Github-Users";
			};
			name = Debug;
		};
		A210723525E78A65006250FA /* Release */ = {
			isa = XCBuildConfiguration;
			buildSettings = {
				ALWAYS_EMBED_SWIFT_STANDARD_LIBRARIES = YES;
				CODE_SIGN_STYLE = Automatic;
				INFOPLIST_FILE = "Github-UsersUITests/Info.plist";
				LD_RUNPATH_SEARCH_PATHS = (
					"$(inherited)",
					"@executable_path/Frameworks",
					"@loader_path/Frameworks",
				);
				PRODUCT_BUNDLE_IDENTIFIER = "com.tawk.Github-UsersUITests";
				PRODUCT_NAME = "$(TARGET_NAME)";
				SWIFT_VERSION = 5.0;
				TARGETED_DEVICE_FAMILY = "1,2";
				TEST_TARGET_NAME = "Github-Users";
			};
			name = Release;
		};
/* End XCBuildConfiguration section */

/* Begin XCConfigurationList section */
		A21071FB25E78A62006250FA /* Build configuration list for PBXProject "Github-Users" */ = {
			isa = XCConfigurationList;
			buildConfigurations = (
				A210722B25E78A65006250FA /* Debug */,
				A210722C25E78A65006250FA /* Release */,
			);
			defaultConfigurationIsVisible = 0;
			defaultConfigurationName = Release;
		};
		A210722D25E78A65006250FA /* Build configuration list for PBXNativeTarget "Github-Users" */ = {
			isa = XCConfigurationList;
			buildConfigurations = (
				A210722E25E78A65006250FA /* Debug */,
				A210722F25E78A65006250FA /* Release */,
			);
			defaultConfigurationIsVisible = 0;
			defaultConfigurationName = Release;
		};
		A210723025E78A65006250FA /* Build configuration list for PBXNativeTarget "Github-UsersTests" */ = {
			isa = XCConfigurationList;
			buildConfigurations = (
				A210723125E78A65006250FA /* Debug */,
				A210723225E78A65006250FA /* Release */,
			);
			defaultConfigurationIsVisible = 0;
			defaultConfigurationName = Release;
		};
		A210723325E78A65006250FA /* Build configuration list for PBXNativeTarget "Github-UsersUITests" */ = {
			isa = XCConfigurationList;
			buildConfigurations = (
				A210723425E78A65006250FA /* Debug */,
				A210723525E78A65006250FA /* Release */,
			);
			defaultConfigurationIsVisible = 0;
			defaultConfigurationName = Release;
		};
/* End XCConfigurationList section */

/* Begin XCVersionGroup section */
		A210720C25E78A62006250FA /* Github_Users.xcdatamodeld */ = {
			isa = XCVersionGroup;
			children = (
				A210720D25E78A62006250FA /* Github_Users.xcdatamodel */,
			);
			currentVersion = A210720D25E78A62006250FA /* Github_Users.xcdatamodel */;
			path = Github_Users.xcdatamodeld;
			sourceTree = "<group>";
			versionGroupType = wrapper.xcdatamodel;
		};
/* End XCVersionGroup section */
	};
	rootObject = A21071F825E78A62006250FA /* Project object */;
}
